// !$*UTF8*$!
{
	archiveVersion = 1;
	classes = {
	};
	objectVersion = 51;
	objects = {

/* Begin PBXBuildFile section */
		2C3FB2902253938B005CF327 /* AppDelegate.swift in Sources */ = {isa = PBXBuildFile; fileRef = 2C3FB28F2253938B005CF327 /* AppDelegate.swift */; };
		2C3FB2972253938D005CF327 /* Assets.xcassets in Resources */ = {isa = PBXBuildFile; fileRef = 2C3FB2962253938D005CF327 /* Assets.xcassets */; };
		2C3FB29A2253938D005CF327 /* LaunchScreen.storyboard in Resources */ = {isa = PBXBuildFile; fileRef = 2C3FB2982253938D005CF327 /* LaunchScreen.storyboard */; };
		2C3FB2A422539553005CF327 /* TestXibView.xib in Resources */ = {isa = PBXBuildFile; fileRef = 2C3FB2A222539553005CF327 /* TestXibView.xib */; };
		2CFE77E722540A120069CFAA /* TestXibView.swift in Sources */ = {isa = PBXBuildFile; fileRef = 2CFE77E622540A120069CFAA /* TestXibView.swift */; };
		2CFED9DA22620516003F29E8 /* TestXibViewController.swift in Sources */ = {isa = PBXBuildFile; fileRef = 2CFED9D822620516003F29E8 /* TestXibViewController.swift */; };
		2CFED9DB22620516003F29E8 /* TestXibViewController.xib in Resources */ = {isa = PBXBuildFile; fileRef = 2CFED9D922620516003F29E8 /* TestXibViewController.xib */; };
/* End PBXBuildFile section */

/* Begin PBXFileReference section */
		2C3FB28C2253938B005CF327 /* testXib.app */ = {isa = PBXFileReference; explicitFileType = wrapper.application; includeInIndex = 0; path = testXib.app; sourceTree = BUILT_PRODUCTS_DIR; };
		2C3FB28F2253938B005CF327 /* AppDelegate.swift */ = {isa = PBXFileReference; lastKnownFileType = sourcecode.swift; path = AppDelegate.swift; sourceTree = "<group>"; };
		2C3FB2962253938D005CF327 /* Assets.xcassets */ = {isa = PBXFileReference; lastKnownFileType = folder.assetcatalog; path = Assets.xcassets; sourceTree = "<group>"; };
		2C3FB2992253938D005CF327 /* Base */ = {isa = PBXFileReference; lastKnownFileType = file.storyboard; name = Base; path = Base.lproj/LaunchScreen.storyboard; sourceTree = "<group>"; };
		2C3FB29B2253938D005CF327 /* Info.plist */ = {isa = PBXFileReference; lastKnownFileType = text.plist.xml; path = Info.plist; sourceTree = "<group>"; };
		2C3FB2A222539553005CF327 /* TestXibView.xib */ = {isa = PBXFileReference; lastKnownFileType = file.xib; path = TestXibView.xib; sourceTree = "<group>"; };
		2CFE77E622540A120069CFAA /* TestXibView.swift */ = {isa = PBXFileReference; lastKnownFileType = sourcecode.swift; path = TestXibView.swift; sourceTree = "<group>"; };
		2CFED9D822620516003F29E8 /* TestXibViewController.swift */ = {isa = PBXFileReference; lastKnownFileType = sourcecode.swift; path = TestXibViewController.swift; sourceTree = "<group>"; };
		2CFED9D922620516003F29E8 /* TestXibViewController.xib */ = {isa = PBXFileReference; lastKnownFileType = file.xib; path = TestXibViewController.xib; sourceTree = "<group>"; };
/* End PBXFileReference section */

/* Begin PBXFrameworksBuildPhase section */
		2C3FB2892253938B005CF327 /* Frameworks */ = {
			isa = PBXFrameworksBuildPhase;
			buildActionMask = 2147483647;
			files = (
			);
			runOnlyForDeploymentPostprocessing = 0;
		};
/* End PBXFrameworksBuildPhase section */

/* Begin PBXGroup section */
		2C3FB2832253938B005CF327 = {
			isa = PBXGroup;
			children = (
				2C3FB28E2253938B005CF327 /* testXib */,
				2C3FB28D2253938B005CF327 /* Products */,
			);
			sourceTree = "<group>";
		};
		2C3FB28D2253938B005CF327 /* Products */ = {
			isa = PBXGroup;
			children = (
				2C3FB28C2253938B005CF327 /* testXib.app */,
			);
			name = Products;
			sourceTree = "<group>";
		};
		2C3FB28E2253938B005CF327 /* testXib */ = {
			isa = PBXGroup;
			children = (
				2C3FB28F2253938B005CF327 /* AppDelegate.swift */,
				2CFE77E622540A120069CFAA /* TestXibView.swift */,
				2CFED9D822620516003F29E8 /* TestXibViewController.swift */,
				2C4C836B2263469800734C4E /* View */,
				2C3FB29B2253938D005CF327 /* Info.plist */,
				2C3FB2962253938D005CF327 /* Assets.xcassets */,
			);
			path = testXib;
			sourceTree = "<group>";
		};
		2C4C836B2263469800734C4E /* View */ = {
			isa = PBXGroup;
			children = (
				2CFED9D922620516003F29E8 /* TestXibViewController.xib */,
				2C3FB2A222539553005CF327 /* TestXibView.xib */,
				2C3FB2982253938D005CF327 /* LaunchScreen.storyboard */,
			);
			path = View;
			sourceTree = "<group>";
		};
/* End PBXGroup section */

/* Begin PBXNativeTarget section */
		2C3FB28B2253938B005CF327 /* testXib */ = {
			isa = PBXNativeTarget;
			buildConfigurationList = 2C3FB29E2253938D005CF327 /* Build configuration list for PBXNativeTarget "testXib" */;
			buildPhases = (
				2C3FB2882253938B005CF327 /* Sources */,
				2C3FB2892253938B005CF327 /* Frameworks */,
				2C3FB28A2253938B005CF327 /* Resources */,
			);
			buildRules = (
			);
			dependencies = (
			);
			name = testXib;
			productName = testXib;
			productReference = 2C3FB28C2253938B005CF327 /* testXib.app */;
			productType = "com.apple.product-type.application";
		};
/* End PBXNativeTarget section */

/* Begin PBXProject section */
		2C3FB2842253938B005CF327 /* Project object */ = {
			isa = PBXProject;
			attributes = {
				KnownAssetTags = (
					"Font SF-Pro",
					"New-1",
					"New-2",
					"New-3",
					"New-4",
				);
				LastSwiftUpdateCheck = 1010;
				LastUpgradeCheck = 1010;
				ORGANIZATIONNAME = Philalex;
				TargetAttributes = {
					2C3FB28B2253938B005CF327 = {
						CreatedOnToolsVersion = 10.1;
					};
				};
			};
			buildConfigurationList = 2C3FB2872253938B005CF327 /* Build configuration list for PBXProject "testXib" */;
			compatibilityVersion = "Xcode 10.0";
			developmentRegion = en;
			hasScannedForEncodings = 0;
			knownRegions = (
				en,
				Base,
			);
			mainGroup = 2C3FB2832253938B005CF327;
			productRefGroup = 2C3FB28D2253938B005CF327 /* Products */;
			projectDirPath = "";
			projectRoot = "";
			targets = (
				2C3FB28B2253938B005CF327 /* testXib */,
			);
		};
/* End PBXProject section */

/* Begin PBXResourcesBuildPhase section */
		2C3FB28A2253938B005CF327 /* Resources */ = {
			isa = PBXResourcesBuildPhase;
			buildActionMask = 2147483647;
			files = (
				2CFED9DB22620516003F29E8 /* TestXibViewController.xib in Resources */,
				2C3FB29A2253938D005CF327 /* LaunchScreen.storyboard in Resources */,
				2C3FB2972253938D005CF327 /* Assets.xcassets in Resources */,
				2C3FB2A422539553005CF327 /* TestXibView.xib in Resources */,
			);
			runOnlyForDeploymentPostprocessing = 0;
		};
/* End PBXResourcesBuildPhase section */

/* Begin PBXSourcesBuildPhase section */
		2C3FB2882253938B005CF327 /* Sources */ = {
			isa = PBXSourcesBuildPhase;
			buildActionMask = 2147483647;
			files = (
				2C3FB2902253938B005CF327 /* AppDelegate.swift in Sources */,
				2CFED9DA22620516003F29E8 /* TestXibViewController.swift in Sources */,
				2CFE77E722540A120069CFAA /* TestXibView.swift in Sources */,
			);
			runOnlyForDeploymentPostprocessing = 0;
		};
/* End PBXSourcesBuildPhase section */

/* Begin PBXVariantGroup section */
		2C3FB2982253938D005CF327 /* LaunchScreen.storyboard */ = {
			isa = PBXVariantGroup;
			children = (
				2C3FB2992253938D005CF327 /* Base */,
			);
			name = LaunchScreen.storyboard;
			sourceTree = "<group>";
		};
/* End PBXVariantGroup section */

/* Begin XCBuildConfiguration section */
		2C3FB29C2253938D005CF327 /* Debug */ = {
			isa = XCBuildConfiguration;
			buildSettings = {
				ALWAYS_SEARCH_USER_PATHS = NO;
				CLANG_ANALYZER_NONNULL = YES;
				CLANG_ANALYZER_NUMBER_OBJECT_CONVERSION = YES_AGGRESSIVE;
				CLANG_CXX_LANGUAGE_STANDARD = "gnu++14";
				CLANG_CXX_LIBRARY = "libc++";
				CLANG_ENABLE_MODULES = YES;
				CLANG_ENABLE_OBJC_ARC = YES;
				CLANG_ENABLE_OBJC_WEAK = YES;
				CLANG_WARN_BLOCK_CAPTURE_AUTORELEASING = YES;
				CLANG_WARN_BOOL_CONVERSION = YES;
				CLANG_WARN_COMMA = YES;
				CLANG_WARN_CONSTANT_CONVERSION = YES;
				CLANG_WARN_DEPRECATED_OBJC_IMPLEMENTATIONS = YES;
				CLANG_WARN_DIRECT_OBJC_ISA_USAGE = YES_ERROR;
				CLANG_WARN_DOCUMENTATION_COMMENTS = YES;
				CLANG_WARN_EMPTY_BODY = YES;
				CLANG_WARN_ENUM_CONVERSION = YES;
				CLANG_WARN_INFINITE_RECURSION = YES;
				CLANG_WARN_INT_CONVERSION = YES;
				CLANG_WARN_NON_LITERAL_NULL_CONVERSION = YES;
				CLANG_WARN_OBJC_IMPLICIT_RETAIN_SELF = YES;
				CLANG_WARN_OBJC_LITERAL_CONVERSION = YES;
				CLANG_WARN_OBJC_ROOT_CLASS = YES_ERROR;
				CLANG_WARN_RANGE_LOOP_ANALYSIS = YES;
				CLANG_WARN_STRICT_PROTOTYPES = YES;
				CLANG_WARN_SUSPICIOUS_MOVE = YES;
				CLANG_WARN_UNGUARDED_AVAILABILITY = YES_AGGRESSIVE;
				CLANG_WARN_UNREACHABLE_CODE = YES;
				CLANG_WARN__DUPLICATE_METHOD_MATCH = YES;
				CODE_SIGN_IDENTITY = "iPhone Developer";
				COPY_PHASE_STRIP = NO;
				DEBUG_INFORMATION_FORMAT = dwarf;
				ENABLE_STRICT_OBJC_MSGSEND = YES;
				ENABLE_TESTABILITY = YES;
				GCC_C_LANGUAGE_STANDARD = gnu11;
				GCC_DYNAMIC_NO_PIC = NO;
				GCC_NO_COMMON_BLOCKS = YES;
				GCC_OPTIMIZATION_LEVEL = 0;
				GCC_PREPROCESSOR_DEFINITIONS = (
					"DEBUG=1",
					"$(inherited)",
				);
				GCC_WARN_64_TO_32_BIT_CONVERSION = YES;
				GCC_WARN_ABOUT_RETURN_TYPE = YES_ERROR;
				GCC_WARN_UNDECLARED_SELECTOR = YES;
				GCC_WARN_UNINITIALIZED_AUTOS = YES_AGGRESSIVE;
				GCC_WARN_UNUSED_FUNCTION = YES;
				GCC_WARN_UNUSED_VARIABLE = YES;
				IPHONEOS_DEPLOYMENT_TARGET = 12.1;
				MTL_ENABLE_DEBUG_INFO = INCLUDE_SOURCE;
				MTL_FAST_MATH = YES;
				ONLY_ACTIVE_ARCH = YES;
				SDKROOT = iphoneos;
				SWIFT_ACTIVE_COMPILATION_CONDITIONS = DEBUG;
				SWIFT_OPTIMIZATION_LEVEL = "-Onone";
			};
			name = Debug;
		};
		2C3FB29D2253938D005CF327 /* Release */ = {
			isa = XCBuildConfiguration;
			buildSettings = {
				ALWAYS_SEARCH_USER_PATHS = NO;
				CLANG_ANALYZER_NONNULL = YES;
				CLANG_ANALYZER_NUMBER_OBJECT_CONVERSION = YES_AGGRESSIVE;
				CLANG_CXX_LANGUAGE_STANDARD = "gnu++14";
				CLANG_CXX_LIBRARY = "libc++";
				CLANG_ENABLE_MODULES = YES;
				CLANG_ENABLE_OBJC_ARC = YES;
				CLANG_ENABLE_OBJC_WEAK = YES;
				CLANG_WARN_BLOCK_CAPTURE_AUTORELEASING = YES;
				CLANG_WARN_BOOL_CONVERSION = YES;
				CLANG_WARN_COMMA = YES;
				CLANG_WARN_CONSTANT_CONVERSION = YES;
				CLANG_WARN_DEPRECATED_OBJC_IMPLEMENTATIONS = YES;
				CLANG_WARN_DIRECT_OBJC_ISA_USAGE = YES_ERROR;
				CLANG_WARN_DOCUMENTATION_COMMENTS = YES;
				CLANG_WARN_EMPTY_BODY = YES;
				CLANG_WARN_ENUM_CONVERSION = YES;
				CLANG_WARN_INFINITE_RECURSION = YES;
				CLANG_WARN_INT_CONVERSION = YES;
				CLANG_WARN_NON_LITERAL_NULL_CONVERSION = YES;
				CLANG_WARN_OBJC_IMPLICIT_RETAIN_SELF = YES;
				CLANG_WARN_OBJC_LITERAL_CONVERSION = YES;
				CLANG_WARN_OBJC_ROOT_CLASS = YES_ERROR;
				CLANG_WARN_RANGE_LOOP_ANALYSIS = YES;
				CLANG_WARN_STRICT_PROTOTYPES = YES;
				CLANG_WARN_SUSPICIOUS_MOVE = YES;
				CLANG_WARN_UNGUARDED_AVAILABILITY = YES_AGGRESSIVE;
				CLANG_WARN_UNREACHABLE_CODE = YES;
				CLANG_WARN__DUPLICATE_METHOD_MATCH = YES;
				CODE_SIGN_IDENTITY = "iPhone Developer";
				COPY_PHASE_STRIP = NO;
				DEBUG_INFORMATION_FORMAT = "dwarf-with-dsym";
				ENABLE_NS_ASSERTIONS = NO;
				ENABLE_STRICT_OBJC_MSGSEND = YES;
				GCC_C_LANGUAGE_STANDARD = gnu11;
				GCC_NO_COMMON_BLOCKS = YES;
				GCC_WARN_64_TO_32_BIT_CONVERSION = YES;
				GCC_WARN_ABOUT_RETURN_TYPE = YES_ERROR;
				GCC_WARN_UNDECLARED_SELECTOR = YES;
				GCC_WARN_UNINITIALIZED_AUTOS = YES_AGGRESSIVE;
				GCC_WARN_UNUSED_FUNCTION = YES;
				GCC_WARN_UNUSED_VARIABLE = YES;
				IPHONEOS_DEPLOYMENT_TARGET = 12.1;
				MTL_ENABLE_DEBUG_INFO = NO;
				MTL_FAST_MATH = YES;
				SDKROOT = iphoneos;
				SWIFT_COMPILATION_MODE = wholemodule;
				SWIFT_OPTIMIZATION_LEVEL = "-O";
				VALIDATE_PRODUCT = YES;
			};
			name = Release;
		};
		2C3FB29F2253938D005CF327 /* Debug */ = {
			isa = XCBuildConfiguration;
			buildSettings = {
				ASSETCATALOG_COMPILER_APPICON_NAME = AppIcon;
				CODE_SIGN_STYLE = Automatic;
				DEVELOPMENT_TEAM = K44PL886SA;
				INFOPLIST_FILE = testXib/Info.plist;
				LD_RUNPATH_SEARCH_PATHS = (
					"$(inherited)",
					"@executable_path/Frameworks",
				);
				PRODUCT_BUNDLE_IDENTIFIER = Phialex.testXib1;
				PRODUCT_NAME = "$(TARGET_NAME)";
				SWIFT_VERSION = 4.2;
				TARGETED_DEVICE_FAMILY = "1,2";
			};
			name = Debug;
		};
		2C3FB2A02253938D005CF327 /* Release */ = {
			isa = XCBuildConfiguration;
			buildSettings = {
				ASSETCATALOG_COMPILER_APPICON_NAME = AppIcon;
				CODE_SIGN_STYLE = Automatic;
				DEVELOPMENT_TEAM = K44PL886SA;
				INFOPLIST_FILE = testXib/Info.plist;
				LD_RUNPATH_SEARCH_PATHS = (
					"$(inherited)",
					"@executable_path/Frameworks",
				);
				PRODUCT_BUNDLE_IDENTIFIER = Phialex.testXib1;
				PRODUCT_NAME = "$(TARGET_NAME)";
				SWIFT_VERSION = 4.2;
				TARGETED_DEVICE_FAMILY = "1,2";
			};
			name = Release;
		};
/* End XCBuildConfiguration section */

/* Begin XCConfigurationList section */
		2C3FB2872253938B005CF327 /* Build configuration list for PBXProject "testXib" */ = {
			isa = XCConfigurationList;
			buildConfigurations = (
				2C3FB29C2253938D005CF327 /* Debug */,
				2C3FB29D2253938D005CF327 /* Release */,
			);
			defaultConfigurationIsVisible = 0;
			defaultConfigurationName = Release;
		};
		2C3FB29E2253938D005CF327 /* Build configuration list for PBXNativeTarget "testXib" */ = {
			isa = XCConfigurationList;
			buildConfigurations = (
				2C3FB29F2253938D005CF327 /* Debug */,
				2C3FB2A02253938D005CF327 /* Release */,
			);
			defaultConfigurationIsVisible = 0;
			defaultConfigurationName = Release;
		};
/* End XCConfigurationList section */
	};
	rootObject = 2C3FB2842253938B005CF327 /* Project object */;
}
